
Microsoft Visual Studio Solution File, Format Version 12.00
# Visual Studio Version 17
VisualStudioVersion = 17.3.32901.215
MinimumVisualStudioVersion = 10.0.40219.1
Project("{9A19103F-16F7-4668-BE54-9A1E7A4F7556}") = "PizzaAppp", "PizzaAppp\PizzaAppp.csproj", "{D62D1E28-826F-4783-AF8C-76A86F9552D3}"
EndProject
Project("{FAE04EC0-301F-11D3-BF4B-00C04F79EFBC}") = "PizzaApp_WPF", "PizzaApp_WPF\PizzaApp_WPF.csproj", "{6833FE65-BC64-452B-8375-7400440BEFDC}"
EndProject
Global
	GlobalSection(SolutionConfigurationPlatforms) = preSolution
		Debug|Any CPU = Debug|Any CPU
		Release|Any CPU = Release|Any CPU
	EndGlobalSection
	GlobalSection(ProjectConfigurationPlatforms) = postSolution
		{D62D1E28-826F-4783-AF8C-76A86F9552D3}.Debug|Any CPU.ActiveCfg = Debug|Any CPU
		{D62D1E28-826F-4783-AF8C-76A86F9552D3}.Debug|Any CPU.Build.0 = Debug|Any CPU
		{D62D1E28-826F-4783-AF8C-76A86F9552D3}.Release|Any CPU.ActiveCfg = Release|Any CPU
		{D62D1E28-826F-4783-AF8C-76A86F9552D3}.Release|Any CPU.Build.0 = Release|Any CPU
		{6833FE65-BC64-452B-8375-7400440BEFDC}.Debug|Any CPU.ActiveCfg = Debug|Any CPU
		{6833FE65-BC64-452B-8375-7400440BEFDC}.Debug|Any CPU.Build.0 = Debug|Any CPU
		{6833FE65-BC64-452B-8375-7400440BEFDC}.Release|Any CPU.ActiveCfg = Release|Any CPU
		{6833FE65-BC64-452B-8375-7400440BEFDC}.Release|Any CPU.Build.0 = Release|Any CPU
	EndGlobalSection
	GlobalSection(SolutionProperties) = preSolution
		HideSolutionNode = FALSE
	EndGlobalSection
	GlobalSection(ExtensibilityGlobals) = postSolution
		SolutionGuid = {E6823AE7-BD40-44CB-8E22-512392E55CBA}
	EndGlobalSection
EndGlobal
